<Solution>
  <Folder Name="/src/">
    <Project Path="src/PulseEDR.Agent/PulseEDR.Agent.csproj" />
    <Project Path="src/PulseEDR.Api/PulseEDR.Api.csproj" />
    <Project Path="src/PulseEDR.Application/PulseEDR.Application.csproj" />
    <Project Path="src/PulseEDR.Desktop/PulseEDR.Desktop.csproj" />
    <Project Path="src/PulseEDR.Domain/PulseEDR.Domain.csproj" />
    <Project Path="src/PulseEDR.Infrastructure/PulseEDR.Infrastructure.csproj" />
  </Folder>
  <Folder Name="/tests/">
    <Project Path="tests/PulseEDR.IntegrationTests/PulseEDR.IntegrationTests.csproj" />
    <Project Path="tests/PulseEDR.PerformanceTests/PulseEDR.PerformanceTests.csproj" />
    <Project Path="tests/PulseEDR.UnitTests/PulseEDR.UnitTests.csproj" />
  </Folder>
</Solution>
