
Microsoft Visual Studio Solution File, Format Version 12.00
# Visual Studio Version 17
VisualStudioVersion = 17.0.31903.59
MinimumVisualStudioVersion = 10.0.40219.1
Project("{2150E333-8FDC-42A3-9474-1A3956D46DE8}") = "src", "src", "{827E0CD3-B72D-47B6-A68D-7590B98EB39B}"
EndProject
Project("{FAE04EC0-301F-11D3-BF4B-00C04F79EFBC}") = "PulseEDR.Domain", "src\PulseEDR.Domain\PulseEDR.Domain.csproj", "{2770C49E-FB99-4091-AB70-2AC8F94AF3E5}"
EndProject
Project("{FAE04EC0-301F-11D3-BF4B-00C04F79EFBC}") = "PulseEDR.Application", "src\PulseEDR.Application\PulseEDR.Application.csproj", "{4E365A90-9394-4F0D-8508-1BE02D2FD423}"
EndProject
Project("{FAE04EC0-301F-11D3-BF4B-00C04F79EFBC}") = "PulseEDR.Infrastructure", "src\PulseEDR.Infrastructure\PulseEDR.Infrastructure.csproj", "{C2B594FC-BEF7-417E-86F2-125315C48C2C}"
EndProject
Project("{FAE04EC0-301F-11D3-BF4B-00C04F79EFBC}") = "PulseEDR.Agent", "src\PulseEDR.Agent\PulseEDR.Agent.csproj", "{A7988721-5446-428A-8182-D235327B5246}"
EndProject
Project("{FAE04EC0-301F-11D3-BF4B-00C04F79EFBC}") = "PulseEDR.Api", "src\PulseEDR.Api\PulseEDR.Api.csproj", "{7BE7C32D-D196-491B-B177-575BFFC391F3}"
EndProject
Project("{FAE04EC0-301F-11D3-BF4B-00C04F79EFBC}") = "PulseEDR.Desktop", "src\PulseEDR.Desktop\PulseEDR.Desktop.csproj", "{2EB66C50-98A2-4684-93D2-988DFA39FD51}"
EndProject
Project("{2150E333-8FDC-42A3-9474-1A3956D46DE8}") = "tests", "tests", "{0AB3BF05-4346-4AA6-1389-037BE0695223}"
EndProject
Project("{FAE04EC0-301F-11D3-BF4B-00C04F79EFBC}") = "PulseEDR.UnitTests", "tests\PulseEDR.UnitTests\PulseEDR.UnitTests.csproj", "{FB379CEC-8462-48E6-BE3F-B11DD485FE80}"
EndProject
Project("{FAE04EC0-301F-11D3-BF4B-00C04F79EFBC}") = "PulseEDR.IntegrationTests", "tests\PulseEDR.IntegrationTests\PulseEDR.IntegrationTests.csproj", "{B9799131-C35C-41CF-B6A8-87FCAF42FC41}"
EndProject
Project("{FAE04EC0-301F-11D3-BF4B-00C04F79EFBC}") = "PulseEDR.PerformanceTests", "tests\PulseEDR.PerformanceTests\PulseEDR.PerformanceTests.csproj", "{124A5506-DD98-42E7-96FB-F3D76B425BAE}"
EndProject
Global
	GlobalSection(SolutionConfigurationPlatforms) = preSolution
		Debug|Any CPU = Debug|Any CPU
		Debug|x64 = Debug|x64
		Debug|x86 = Debug|x86
		Release|Any CPU = Release|Any CPU
		Release|x64 = Release|x64
		Release|x86 = Release|x86
	EndGlobalSection
	GlobalSection(ProjectConfigurationPlatforms) = postSolution
		{2770C49E-FB99-4091-AB70-2AC8F94AF3E5}.Debug|Any CPU.ActiveCfg = Debug|Any CPU
		{2770C49E-FB99-4091-AB70-2AC8F94AF3E5}.Debug|Any CPU.Build.0 = Debug|Any CPU
		{2770C49E-FB99-4091-AB70-2AC8F94AF3E5}.Debug|x64.ActiveCfg = Debug|Any CPU
		{2770C49E-FB99-4091-AB70-2AC8F94AF3E5}.Debug|x64.Build.0 = Debug|Any CPU
		{2770C49E-FB99-4091-AB70-2AC8F94AF3E5}.Debug|x86.ActiveCfg = Debug|Any CPU
		{2770C49E-FB99-4091-AB70-2AC8F94AF3E5}.Debug|x86.Build.0 = Debug|Any CPU
		{2770C49E-FB99-4091-AB70-2AC8F94AF3E5}.Release|Any CPU.ActiveCfg = Release|Any CPU
		{2770C49E-FB99-4091-AB70-2AC8F94AF3E5}.Release|Any CPU.Build.0 = Release|Any CPU
		{2770C49E-FB99-4091-AB70-2AC8F94AF3E5}.Release|x64.ActiveCfg = Release|Any CPU
		{2770C49E-FB99-4091-AB70-2AC8F94AF3E5}.Release|x64.Build.0 = Release|Any CPU
		{2770C49E-FB99-4091-AB70-2AC8F94AF3E5}.Release|x86.ActiveCfg = Release|Any CPU
		{2770C49E-FB99-4091-AB70-2AC8F94AF3E5}.Release|x86.Build.0 = Release|Any CPU
		{4E365A90-9394-4F0D-8508-1BE02D2FD423}.Debug|Any CPU.ActiveCfg = Debug|Any CPU
		{4E365A90-9394-4F0D-8508-1BE02D2FD423}.Debug|Any CPU.Build.0 = Debug|Any CPU
		{4E365A90-9394-4F0D-8508-1BE02D2FD423}.Debug|x64.ActiveCfg = Debug|Any CPU
		{4E365A90-9394-4F0D-8508-1BE02D2FD423}.Debug|x64.Build.0 = Debug|Any CPU
		{4E365A90-9394-4F0D-8508-1BE02D2FD423}.Debug|x86.ActiveCfg = Debug|Any CPU
		{4E365A90-9394-4F0D-8508-1BE02D2FD423}.Debug|x86.Build.0 = Debug|Any CPU
		{4E365A90-9394-4F0D-8508-1BE02D2FD423}.Release|Any CPU.ActiveCfg = Release|Any CPU
		{4E365A90-9394-4F0D-8508-1BE02D2FD423}.Release|Any CPU.Build.0 = Release|Any CPU
		{4E365A90-9394-4F0D-8508-1BE02D2FD423}.Release|x64.ActiveCfg = Release|Any CPU
		{4E365A90-9394-4F0D-8508-1BE02D2FD423}.Release|x64.Build.0 = Release|Any CPU
		{4E365A90-9394-4F0D-8508-1BE02D2FD423}.Release|x86.ActiveCfg = Release|Any CPU
		{4E365A90-9394-4F0D-8508-1BE02D2FD423}.Release|x86.Build.0 = Release|Any CPU
		{C2B594FC-BEF7-417E-86F2-125315C48C2C}.Debug|Any CPU.ActiveCfg = Debug|Any CPU
		{C2B594FC-BEF7-417E-86F2-125315C48C2C}.Debug|Any CPU.Build.0 = Debug|Any CPU
		{C2B594FC-BEF7-417E-86F2-125315C48C2C}.Debug|x64.ActiveCfg = Debug|Any CPU
		{C2B594FC-BEF7-417E-86F2-125315C48C2C}.Debug|x64.Build.0 = Debug|Any CPU
		{C2B594FC-BEF7-417E-86F2-125315C48C2C}.Debug|x86.ActiveCfg = Debug|Any CPU
		{C2B594FC-BEF7-417E-86F2-125315C48C2C}.Debug|x86.Build.0 = Debug|Any CPU
		{C2B594FC-BEF7-417E-86F2-125315C48C2C}.Release|Any CPU.ActiveCfg = Release|Any CPU
		{C2B594FC-BEF7-417E-86F2-125315C48C2C}.Release|Any CPU.Build.0 = Release|Any CPU
		{C2B594FC-BEF7-417E-86F2-125315C48C2C}.Release|x64.ActiveCfg = Release|Any CPU
		{C2B594FC-BEF7-417E-86F2-125315C48C2C}.Release|x64.Build.0 = Release|Any CPU
		{C2B594FC-BEF7-417E-86F2-125315C48C2C}.Release|x86.ActiveCfg = Release|Any CPU
		{C2B594FC-BEF7-417E-86F2-125315C48C2C}.Release|x86.Build.0 = Release|Any CPU
		{A7988721-5446-428A-8182-D235327B5246}.Debug|Any CPU.ActiveCfg = Debug|Any CPU
		{A7988721-5446-428A-8182-D235327B5246}.Debug|Any CPU.Build.0 = Debug|Any CPU
		{A7988721-5446-428A-8182-D235327B5246}.Debug|x64.ActiveCfg = Debug|Any CPU
		{A7988721-5446-428A-8182-D235327B5246}.Debug|x64.Build.0 = Debug|Any CPU
		{A7988721-5446-428A-8182-D235327B5246}.Debug|x86.ActiveCfg = Debug|Any CPU
		{A7988721-5446-428A-8182-D235327B5246}.Debug|x86.Build.0 = Debug|Any CPU
		{A7988721-5446-428A-8182-D235327B5246}.Release|Any CPU.ActiveCfg = Release|Any CPU
		{A7988721-5446-428A-8182-D235327B5246}.Release|Any CPU.Build.0 = Release|Any CPU
		{A7988721-5446-428A-8182-D235327B5246}.Release|x64.ActiveCfg = Release|Any CPU
		{A7988721-5446-428A-8182-D235327B5246}.Release|x64.Build.0 = Release|Any CPU
		{A7988721-5446-428A-8182-D235327B5246}.Release|x86.ActiveCfg = Release|Any CPU
		{A7988721-5446-428A-8182-D235327B5246}.Release|x86.Build.0 = Release|Any CPU
		{7BE7C32D-D196-491B-B177-575BFFC391F3}.Debug|Any CPU.ActiveCfg = Debug|Any CPU
		{7BE7C32D-D196-491B-B177-575BFFC391F3}.Debug|Any CPU.Build.0 = Debug|Any CPU
		{7BE7C32D-D196-491B-B177-575BFFC391F3}.Debug|x64.ActiveCfg = Debug|Any CPU
		{7BE7C32D-D196-491B-B177-575BFFC391F3}.Debug|x64.Build.0 = Debug|Any CPU
		{7BE7C32D-D196-491B-B177-575BFFC391F3}.Debug|x86.ActiveCfg = Debug|Any CPU
		{7BE7C32D-D196-491B-B177-575BFFC391F3}.Debug|x86.Build.0 = Debug|Any CPU
		{7BE7C32D-D196-491B-B177-575BFFC391F3}.Release|Any CPU.ActiveCfg = Release|Any CPU
		{7BE7C32D-D196-491B-B177-575BFFC391F3}.Release|Any CPU.Build.0 = Release|Any CPU
		{7BE7C32D-D196-491B-B177-575BFFC391F3}.Release|x64.ActiveCfg = Release|Any CPU
		{7BE7C32D-D196-491B-B177-575BFFC391F3}.Release|x64.Build.0 = Release|Any CPU
		{7BE7C32D-D196-491B-B177-575BFFC391F3}.Release|x86.ActiveCfg = Release|Any CPU
		{7BE7C32D-D196-491B-B177-575BFFC391F3}.Release|x86.Build.0 = Release|Any CPU
		{2EB66C50-98A2-4684-93D2-988DFA39FD51}.Debug|Any CPU.ActiveCfg = Debug|Any CPU
		{2EB66C50-98A2-4684-93D2-988DFA39FD51}.Debug|Any CPU.Build.0 = Debug|Any CPU
		{2EB66C50-98A2-4684-93D2-988DFA39FD51}.Debug|x64.ActiveCfg = Debug|Any CPU
		{2EB66C50-98A2-4684-93D2-988DFA39FD51}.Debug|x64.Build.0 = Debug|Any CPU
		{2EB66C50-98A2-4684-93D2-988DFA39FD51}.Debug|x86.ActiveCfg = Debug|Any CPU
		{2EB66C50-98A2-4684-93D2-988DFA39FD51}.Debug|x86.Build.0 = Debug|Any CPU
		{2EB66C50-98A2-4684-93D2-988DFA39FD51}.Release|Any CPU.ActiveCfg = Release|Any CPU
		{2EB66C50-98A2-4684-93D2-988DFA39FD51}.Release|Any CPU.Build.0 = Release|Any CPU
		{2EB66C50-98A2-4684-93D2-988DFA39FD51}.Release|x64.ActiveCfg = Release|Any CPU
		{2EB66C50-98A2-4684-93D2-988DFA39FD51}.Release|x64.Build.0 = Release|Any CPU
		{2EB66C50-98A2-4684-93D2-988DFA39FD51}.Release|x86.ActiveCfg = Release|Any CPU
		{2EB66C50-98A2-4684-93D2-988DFA39FD51}.Release|x86.Build.0 = Release|Any CPU
		{FB379CEC-8462-48E6-BE3F-B11DD485FE80}.Debug|Any CPU.ActiveCfg = Debug|Any CPU
		{FB379CEC-8462-48E6-BE3F-B11DD485FE80}.Debug|Any CPU.Build.0 = Debug|Any CPU
		{FB379CEC-8462-48E6-BE3F-B11DD485FE80}.Debug|x64.ActiveCfg = Debug|Any CPU
		{FB379CEC-8462-48E6-BE3F-B11DD485FE80}.Debug|x64.Build.0 = Debug|Any CPU
		{FB379CEC-8462-48E6-BE3F-B11DD485FE80}.Debug|x86.ActiveCfg = Debug|Any CPU
		{FB379CEC-8462-48E6-BE3F-B11DD485FE80}.Debug|x86.Build.0 = Debug|Any CPU
		{FB379CEC-8462-48E6-BE3F-B11DD485FE80}.Release|Any CPU.ActiveCfg = Release|Any CPU
		{FB379CEC-8462-48E6-BE3F-B11DD485FE80}.Release|Any CPU.Build.0 = Release|Any CPU
		{FB379CEC-8462-48E6-BE3F-B11DD485FE80}.Release|x64.ActiveCfg = Release|Any CPU
		{FB379CEC-8462-48E6-BE3F-B11DD485FE80}.Release|x64.Build.0 = Release|Any CPU
		{FB379CEC-8462-48E6-BE3F-B11DD485FE80}.Release|x86.ActiveCfg = Release|Any CPU
		{FB379CEC-8462-48E6-BE3F-B11DD485FE80}.Release|x86.Build.0 = Release|Any CPU
		{B9799131-C35C-41CF-B6A8-87FCAF42FC41}.Debug|Any CPU.ActiveCfg = Debug|Any CPU
		{B9799131-C35C-41CF-B6A8-87FCAF42FC41}.Debug|Any CPU.Build.0 = Debug|Any CPU
		{B9799131-C35C-41CF-B6A8-87FCAF42FC41}.Debug|x64.ActiveCfg = Debug|Any CPU
		{B9799131-C35C-41CF-B6A8-87FCAF42FC41}.Debug|x64.Build.0 = Debug|Any CPU
		{B9799131-C35C-41CF-B6A8-87FCAF42FC41}.Debug|x86.ActiveCfg = Debug|Any CPU
		{B9799131-C35C-41CF-B6A8-87FCAF42FC41}.Debug|x86.Build.0 = Debug|Any CPU
		{B9799131-C35C-41CF-B6A8-87FCAF42FC41}.Release|Any CPU.ActiveCfg = Release|Any CPU
		{B9799131-C35C-41CF-B6A8-87FCAF42FC41}.Release|Any CPU.Build.0 = Release|Any CPU
		{B9799131-C35C-41CF-B6A8-87FCAF42FC41}.Release|x64.ActiveCfg = Release|Any CPU
		{B9799131-C35C-41CF-B6A8-87FCAF42FC41}.Release|x64.Build.0 = Release|Any CPU
		{B9799131-C35C-41CF-B6A8-87FCAF42FC41}.Release|x86.ActiveCfg = Release|Any CPU
		{B9799131-C35C-41CF-B6A8-87FCAF42FC41}.Release|x86.Build.0 = Release|Any CPU
		{124A5506-DD98-42E7-96FB-F3D76B425BAE}.Debug|Any CPU.ActiveCfg = Debug|Any CPU
		{124A5506-DD98-42E7-96FB-F3D76B425BAE}.Debug|Any CPU.Build.0 = Debug|Any CPU
		{124A5506-DD98-42E7-96FB-F3D76B425BAE}.Debug|x64.ActiveCfg = Debug|Any CPU
		{124A5506-DD98-42E7-96FB-F3D76B425BAE}.Debug|x64.Build.0 = Debug|Any CPU
		{124A5506-DD98-42E7-96FB-F3D76B425BAE}.Debug|x86.ActiveCfg = Debug|Any CPU
		{124A5506-DD98-42E7-96FB-F3D76B425BAE}.Debug|x86.Build.0 = Debug|Any CPU
		{124A5506-DD98-42E7-96FB-F3D76B425BAE}.Release|Any CPU.ActiveCfg = Release|Any CPU
		{124A5506-DD98-42E7-96FB-F3D76B425BAE}.Release|Any CPU.Build.0 = Release|Any CPU
		{124A5506-DD98-42E7-96FB-F3D76B425BAE}.Release|x64.ActiveCfg = Release|Any CPU
		{124A5506-DD98-42E7-96FB-F3D76B425BAE}.Release|x64.Build.0 = Release|Any CPU
		{124A5506-DD98-42E7-96FB-F3D76B425BAE}.Release|x86.ActiveCfg = Release|Any CPU
		{124A5506-DD98-42E7-96FB-F3D76B425BAE}.Release|x86.Build.0 = Release|Any CPU
	EndGlobalSection
	GlobalSection(SolutionProperties) = preSolution
		HideSolutionNode = FALSE
	EndGlobalSection
	GlobalSection(NestedProjects) = preSolution
		{2770C49E-FB99-4091-AB70-2AC8F94AF3E5} = {827E0CD3-B72D-47B6-A68D-7590B98EB39B}
		{4E365A90-9394-4F0D-8508-1BE02D2FD423} = {827E0CD3-B72D-47B6-A68D-7590B98EB39B}
		{C2B594FC-BEF7-417E-86F2-125315C48C2C} = {827E0CD3-B72D-47B6-A68D-7590B98EB39B}
		{A7988721-5446-428A-8182-D235327B5246} = {827E0CD3-B72D-47B6-A68D-7590B98EB39B}
		{7BE7C32D-D196-491B-B177-575BFFC391F3} = {827E0CD3-B72D-47B6-A68D-7590B98EB39B}
		{2EB66C50-98A2-4684-93D2-988DFA39FD51} = {827E0CD3-B72D-47B6-A68D-7590B98EB39B}
		{FB379CEC-8462-48E6-BE3F-B11DD485FE80} = {0AB3BF05-4346-4AA6-1389-037BE0695223}
		{B9799131-C35C-41CF-B6A8-87FCAF42FC41} = {0AB3BF05-4346-4AA6-1389-037BE0695223}
		{124A5506-DD98-42E7-96FB-F3D76B425BAE} = {0AB3BF05-4346-4AA6-1389-037BE0695223}
	EndGlobalSection
EndGlobal
